
Microsoft Visual Studio Solution File, Format Version 12.00
# Visual Studio Version 17
VisualStudioVersion = 17.14.36511.14 d17.14
MinimumVisualStudioVersion = 10.0.40219.1
Project("{FAE04EC0-301F-11D3-BF4B-00C04F79EFBC}") = "Labb2Joseff", "Labb2Joseff\Labb2Joseff.csproj", "{61B95591-41FC-47F5-BFE9-50978D550CA3}"
EndProject
Global
	GlobalSection(SolutionConfigurationPlatforms) = preSolution
		Debug|Any CPU = Debug|Any CPU
		Release|Any CPU = Release|Any CPU
	EndGlobalSection
	GlobalSection(ProjectConfigurationPlatforms) = postSolution
		{61B95591-41FC-47F5-BFE9-50978D550CA3}.Debug|Any CPU.ActiveCfg = Debug|Any CPU
		{61B95591-41FC-47F5-BFE9-50978D550CA3}.Debug|Any CPU.Build.0 = Debug|Any CPU
		{61B95591-41FC-47F5-BFE9-50978D550CA3}.Release|Any CPU.ActiveCfg = Release|Any CPU
		{61B95591-41FC-47F5-BFE9-50978D550CA3}.Release|Any CPU.Build.0 = Release|Any CPU
	EndGlobalSection
	GlobalSection(SolutionProperties) = preSolution
		HideSolutionNode = FALSE
	EndGlobalSection
	GlobalSection(ExtensibilityGlobals) = postSolution
		SolutionGuid = {D8251687-4DE1-4253-8E2D-FB046928D2B4}
	EndGlobalSection
EndGlobal
